
Microsoft Visual Studio Solution File, Format Version 12.00
# Visual Studio Version 17
VisualStudioVersion = 17.8.34511.84
MinimumVisualStudioVersion = 10.0.40219.1
Project("{FAE04EC0-301F-11D3-BF4B-00C04F79EFBC}") = "WindowsFormsApp1", "WindowsFormsApp1\WindowsFormsApp1.csproj", "{C0933BD3-DA44-4A12-A988-4C81E640CA05}"
EndProject
Global
	GlobalSection(SolutionConfigurationPlatforms) = preSolution
		Debug|Any CPU = Debug|Any CPU
		Release|Any CPU = Release|Any CPU
	EndGlobalSection
	GlobalSection(ProjectConfigurationPlatforms) = postSolution
		{C0933BD3-DA44-4A12-A988-4C81E640CA05}.Debug|Any CPU.ActiveCfg = Debug|Any CPU
		{C0933BD3-DA44-4A12-A988-4C81E640CA05}.Debug|Any CPU.Build.0 = Debug|Any CPU
		{C0933BD3-DA44-4A12-A988-4C81E640CA05}.Release|Any CPU.ActiveCfg = Release|Any CPU
		{C0933BD3-DA44-4A12-A988-4C81E640CA05}.Release|Any CPU.Build.0 = Release|Any CPU
	EndGlobalSection
	GlobalSection(SolutionProperties) = preSolution
		HideSolutionNode = FALSE
	EndGlobalSection
	GlobalSection(ExtensibilityGlobals) = postSolution
		SolutionGuid = {0881F3F3-A0F7-4AC6-88A3-AAD027093125}
	EndGlobalSection
EndGlobal
